
Microsoft Visual Studio Solution File, Format Version 12.00
# Visual Studio Version 16
VisualStudioVersion = 16.0.31624.102
MinimumVisualStudioVersion = 10.0.40219.1
Project("{8BC9CEB8-8B4A-11D0-8D11-00A0C91BC942}") = "One lesson c++", "One lesson c++.vcxproj", "{FAB73274-D17B-46A2-8DB6-25CFC1DDD487}"
EndProject
Global
	GlobalSection(SolutionConfigurationPlatforms) = preSolution
		Debug|x64 = Debug|x64
		Debug|x86 = Debug|x86
		Release|x64 = Release|x64
		Release|x86 = Release|x86
	EndGlobalSection
	GlobalSection(ProjectConfigurationPlatforms) = postSolution
		{FAB73274-D17B-46A2-8DB6-25CFC1DDD487}.Debug|x64.ActiveCfg = Debug|x64
		{FAB73274-D17B-46A2-8DB6-25CFC1DDD487}.Debug|x64.Build.0 = Debug|x64
		{FAB73274-D17B-46A2-8DB6-25CFC1DDD487}.Debug|x86.ActiveCfg = Debug|Win32
		{FAB73274-D17B-46A2-8DB6-25CFC1DDD487}.Debug|x86.Build.0 = Debug|Win32
		{FAB73274-D17B-46A2-8DB6-25CFC1DDD487}.Release|x64.ActiveCfg = Release|x64
		{FAB73274-D17B-46A2-8DB6-25CFC1DDD487}.Release|x64.Build.0 = Release|x64
		{FAB73274-D17B-46A2-8DB6-25CFC1DDD487}.Release|x86.ActiveCfg = Release|Win32
		{FAB73274-D17B-46A2-8DB6-25CFC1DDD487}.Release|x86.Build.0 = Release|Win32
	EndGlobalSection
	GlobalSection(SolutionProperties) = preSolution
		HideSolutionNode = FALSE
	EndGlobalSection
	GlobalSection(ExtensibilityGlobals) = postSolution
		SolutionGuid = {D800AD65-1D08-46A0-AB9B-E37E52310699}
	EndGlobalSection
EndGlobal
